
Microsoft Visual Studio Solution File, Format Version 12.00
# Visual Studio Version 16
VisualStudioVersion = 16.0.32929.386
MinimumVisualStudioVersion = 10.0.40219.1
Project("{FAE04EC0-301F-11D3-BF4B-00C04F79EFBC}") = "Prime numbers project", "Prime numbers project.csproj", "{BD8C33A2-1616-433E-9E4A-CC7E414938D7}"
EndProject
Global
	GlobalSection(SolutionConfigurationPlatforms) = preSolution
		Debug|Any CPU = Debug|Any CPU
		Release|Any CPU = Release|Any CPU
	EndGlobalSection
	GlobalSection(ProjectConfigurationPlatforms) = postSolution
		{BD8C33A2-1616-433E-9E4A-CC7E414938D7}.Debug|Any CPU.ActiveCfg = Debug|Any CPU
		{BD8C33A2-1616-433E-9E4A-CC7E414938D7}.Debug|Any CPU.Build.0 = Debug|Any CPU
		{BD8C33A2-1616-433E-9E4A-CC7E414938D7}.Release|Any CPU.ActiveCfg = Release|Any CPU
		{BD8C33A2-1616-433E-9E4A-CC7E414938D7}.Release|Any CPU.Build.0 = Release|Any CPU
	EndGlobalSection
	GlobalSection(SolutionProperties) = preSolution
		HideSolutionNode = FALSE
	EndGlobalSection
	GlobalSection(ExtensibilityGlobals) = postSolution
		SolutionGuid = {76F38F1B-1557-4263-AE8F-7882FA783733}
	EndGlobalSection
EndGlobal
